Microsoft Visual Studio Solution File, Format Version 12.00
# Visual Studio Version 17
VisualStudioVersion = 17.5.2.0
MinimumVisualStudioVersion = 10.0.40219.1
Project("{FAE04EC0-301F-11D3-BF4B-00C04F79EFBC}") = "NetClinic.Api.Tests", "NetClinic.Api.Tests.csproj", "{10BF0041-65E6-9722-5E24-0FDD972C8AD1}"
EndProject
Global
	GlobalSection(SolutionConfigurationPlatforms) = preSolution
		Debug|Any CPU = Debug|Any CPU
		Release|Any CPU = Release|Any CPU
	EndGlobalSection
	GlobalSection(ProjectConfigurationPlatforms) = postSolution
		{10BF0041-65E6-9722-5E24-0FDD972C8AD1}.Debug|Any CPU.ActiveCfg = Debug|Any CPU
		{10BF0041-65E6-9722-5E24-0FDD972C8AD1}.Debug|Any CPU.Build.0 = Debug|Any CPU
		{10BF0041-65E6-9722-5E24-0FDD972C8AD1}.Release|Any CPU.ActiveCfg = Release|Any CPU
		{10BF0041-65E6-9722-5E24-0FDD972C8AD1}.Release|Any CPU.Build.0 = Release|Any CPU
	EndGlobalSection
	GlobalSection(SolutionProperties) = preSolution
		HideSolutionNode = FALSE
	EndGlobalSection
	GlobalSection(ExtensibilityGlobals) = postSolution
		SolutionGuid = {80175622-4266-4AC3-B2DB-03AF8188C88D}
	EndGlobalSection
EndGlobal
